
Microsoft Visual Studio Solution File, Format Version 12.00
# Visual Studio 15
VisualStudioVersion = 15.0.28307.1525
MinimumVisualStudioVersion = 10.0.40219.1
Project("{FAE04EC0-301F-11D3-BF4B-00C04F79EFBC}") = "ConsoleApp6_3", "ConsoleApp6_3\ConsoleApp6_3.csproj", "{20FC5455-A490-4A91-8819-E63CC41F796A}"
EndProject
Global
	GlobalSection(SolutionConfigurationPlatforms) = preSolution
		Debug|Any CPU = Debug|Any CPU
		Release|Any CPU = Release|Any CPU
	EndGlobalSection
	GlobalSection(ProjectConfigurationPlatforms) = postSolution
		{20FC5455-A490-4A91-8819-E63CC41F796A}.Debug|Any CPU.ActiveCfg = Debug|Any CPU
		{20FC5455-A490-4A91-8819-E63CC41F796A}.Debug|Any CPU.Build.0 = Debug|Any CPU
		{20FC5455-A490-4A91-8819-E63CC41F796A}.Release|Any CPU.ActiveCfg = Release|Any CPU
		{20FC5455-A490-4A91-8819-E63CC41F796A}.Release|Any CPU.Build.0 = Release|Any CPU
	EndGlobalSection
	GlobalSection(SolutionProperties) = preSolution
		HideSolutionNode = FALSE
	EndGlobalSection
	GlobalSection(ExtensibilityGlobals) = postSolution
		SolutionGuid = {4B626E45-425D-4CA6-8C7E-BD124B75EF6C}
	EndGlobalSection
EndGlobal
